Microsoft Visual Studio Solution File, Format Version 12.00
VisualStudioVersion = 17.1.32328.378
MinimumVisualStudioVersion = 10.0.40219.1
Project("{FAE04EC0-301F-11D3-BF4B-00C04F79EFBC}") = "MathFX", "MathFX.csproj", "{D107BDD7-0BD6-4B7E-A0E9-3C50E96AB3B9}"
EndProject
Global
	GlobalSection(SolutionConfigurationPlatforms) = preSolution
		Debug|Any CPU = Debug|Any CPU
		Release|Any CPU = Release|Any CPU
	EndGlobalSection
	GlobalSection(ProjectConfigurationPlatforms) = postSolution
		{D107BDD7-0BD6-4B7E-A0E9-3C50E96AB3B9}.Debug|Any CPU.ActiveCfg = Debug|Any CPU
		{D107BDD7-0BD6-4B7E-A0E9-3C50E96AB3B9}.Debug|Any CPU.Build.0 = Debug|Any CPU
		{D107BDD7-0BD6-4B7E-A0E9-3C50E96AB3B9}.Release|Any CPU.ActiveCfg = Release|Any CPU
		{D107BDD7-0BD6-4B7E-A0E9-3C50E96AB3B9}.Release|Any CPU.Build.0 = Release|Any CPU
	EndGlobalSection
	GlobalSection(SolutionProperties) = preSolution
		HideSolutionNode = FALSE
	EndGlobalSection
	GlobalSection(ExtensibilityGlobals) = postSolution
		SolutionGuid = {6F6FE599-CA99-4C30-81B9-BE0A54C4D90D}
	EndGlobalSection
EndGlobal
